
Microsoft Visual Studio Solution File, Format Version 12.00
# Visual Studio Version 17
VisualStudioVersion = 17.0.31903.59
MinimumVisualStudioVersion = 10.0.40219.1
Project("{2150E333-8FDC-42A3-9474-1A3956D46DE8}") = "src", "src", "{D45BBD42-9AA3-4F8C-9635-159725E19BAD}"
EndProject
Project("{FAE04EC0-301F-11D3-BF4B-00C04F79EFBC}") = "Wernher.API", "src\Wernher.API\Wernher.API.csproj", "{7F29DE94-6D25-43F4-B6DE-556B97F39F1C}"
EndProject
Project("{FAE04EC0-301F-11D3-BF4B-00C04F79EFBC}") = "Wernher.Domain", "src\Wernher.Domain\Wernher.Domain.csproj", "{43CD77A1-21BA-42DB-96EF-B889277EAD80}"
EndProject
Project("{FAE04EC0-301F-11D3-BF4B-00C04F79EFBC}") = "Wernher.Data", "src\Wernher.Data\Wernher.Data.csproj", "{BB6008C8-515C-4AB2-B448-AB494EE033A5}"
EndProject
Global
	GlobalSection(SolutionConfigurationPlatforms) = preSolution
		Debug|Any CPU = Debug|Any CPU
		Release|Any CPU = Release|Any CPU
	EndGlobalSection
	GlobalSection(SolutionProperties) = preSolution
		HideSolutionNode = FALSE
	EndGlobalSection
	GlobalSection(ProjectConfigurationPlatforms) = postSolution
		{7F29DE94-6D25-43F4-B6DE-556B97F39F1C}.Debug|Any CPU.ActiveCfg = Debug|Any CPU
		{7F29DE94-6D25-43F4-B6DE-556B97F39F1C}.Debug|Any CPU.Build.0 = Debug|Any CPU
		{7F29DE94-6D25-43F4-B6DE-556B97F39F1C}.Release|Any CPU.ActiveCfg = Release|Any CPU
		{7F29DE94-6D25-43F4-B6DE-556B97F39F1C}.Release|Any CPU.Build.0 = Release|Any CPU
		{43CD77A1-21BA-42DB-96EF-B889277EAD80}.Debug|Any CPU.ActiveCfg = Debug|Any CPU
		{43CD77A1-21BA-42DB-96EF-B889277EAD80}.Debug|Any CPU.Build.0 = Debug|Any CPU
		{43CD77A1-21BA-42DB-96EF-B889277EAD80}.Release|Any CPU.ActiveCfg = Release|Any CPU
		{43CD77A1-21BA-42DB-96EF-B889277EAD80}.Release|Any CPU.Build.0 = Release|Any CPU
		{BB6008C8-515C-4AB2-B448-AB494EE033A5}.Debug|Any CPU.ActiveCfg = Debug|Any CPU
		{BB6008C8-515C-4AB2-B448-AB494EE033A5}.Debug|Any CPU.Build.0 = Debug|Any CPU
		{BB6008C8-515C-4AB2-B448-AB494EE033A5}.Release|Any CPU.ActiveCfg = Release|Any CPU
		{BB6008C8-515C-4AB2-B448-AB494EE033A5}.Release|Any CPU.Build.0 = Release|Any CPU
	EndGlobalSection
	GlobalSection(NestedProjects) = preSolution
		{7F29DE94-6D25-43F4-B6DE-556B97F39F1C} = {D45BBD42-9AA3-4F8C-9635-159725E19BAD}
		{43CD77A1-21BA-42DB-96EF-B889277EAD80} = {D45BBD42-9AA3-4F8C-9635-159725E19BAD}
		{BB6008C8-515C-4AB2-B448-AB494EE033A5} = {D45BBD42-9AA3-4F8C-9635-159725E19BAD}
	EndGlobalSection
EndGlobal
